
Microsoft Visual Studio Solution File, Format Version 12.00
# Visual Studio Version 16
VisualStudioVersion = 16.0.34729.46
MinimumVisualStudioVersion = 10.0.40219.1
Project("{FAE04EC0-301F-11D3-BF4B-00C04F79EFBC}") = "PrintingAppQR", "PrintingAppQR\PrintingAppQR.csproj", "{7E0883E9-A654-466D-A7D1-CAB569C52EDD}"
EndProject
Global
	GlobalSection(SolutionConfigurationPlatforms) = preSolution
		Debug|Any CPU = Debug|Any CPU
		Release|Any CPU = Release|Any CPU
	EndGlobalSection
	GlobalSection(ProjectConfigurationPlatforms) = postSolution
		{7E0883E9-A654-466D-A7D1-CAB569C52EDD}.Debug|Any CPU.ActiveCfg = Debug|Any CPU
		{7E0883E9-A654-466D-A7D1-CAB569C52EDD}.Debug|Any CPU.Build.0 = Debug|Any CPU
		{7E0883E9-A654-466D-A7D1-CAB569C52EDD}.Release|Any CPU.ActiveCfg = Release|Any CPU
		{7E0883E9-A654-466D-A7D1-CAB569C52EDD}.Release|Any CPU.Build.0 = Release|Any CPU
	EndGlobalSection
	GlobalSection(SolutionProperties) = preSolution
		HideSolutionNode = FALSE
	EndGlobalSection
	GlobalSection(ExtensibilityGlobals) = postSolution
		SolutionGuid = {EB9C9260-462A-4D79-A3D0-0928C2989B27}
	EndGlobalSection
EndGlobal
